// !$*UTF8*$!
{
	archiveVersion = 1;
	classes = {
	};
	objectVersion = 48;
	objects = {

/* Begin PBXBuildFile section */
		521B9EDAA5218C1B803E4E9C /* Pods_AxRide.framework in Frameworks */ = {isa = PBXBuildFile; fileRef = AD4DFAFCE8002BE88FE3AD10 /* Pods_AxRide.framework */; };
		8441F18E76A70D924F67E449 /* Pods_AxRideTests.framework in Frameworks */ = {isa = PBXBuildFile; fileRef = D309FD1287A9F9B420515CCC /* Pods_AxRideTests.framework */; };
		8E8DCF09DD854F0CE5B74A99 /* Pods_AxRideUITests.framework in Frameworks */ = {isa = PBXBuildFile; fileRef = 8E54110D02939500BADE773A /* Pods_AxRideUITests.framework */; };
		C33F88EB21002ACD00C52766 /* Order.swift in Sources */ = {isa = PBXBuildFile; fileRef = C33F88EA21002ACD00C52766 /* Order.swift */; };
		C37C645E20F8B4C100ECC1FA /* AppDelegate.swift in Sources */ = {isa = PBXBuildFile; fileRef = C37C645D20F8B4C100ECC1FA /* AppDelegate.swift */; };
		C37C646520F8B4C100ECC1FA /* Assets.xcassets in Resources */ = {isa = PBXBuildFile; fileRef = C37C646420F8B4C100ECC1FA /* Assets.xcassets */; };
		C37C646820F8B4C100ECC1FA /* LaunchScreen.storyboard in Resources */ = {isa = PBXBuildFile; fileRef = C37C646620F8B4C100ECC1FA /* LaunchScreen.storyboard */; };
		C37C647320F8B4C200ECC1FA /* AxRideTests.swift in Sources */ = {isa = PBXBuildFile; fileRef = C37C647220F8B4C200ECC1FA /* AxRideTests.swift */; };
		C37C647E20F8B4C200ECC1FA /* AxRideUITests.swift in Sources */ = {isa = PBXBuildFile; fileRef = C37C647D20F8B4C200ECC1FA /* AxRideUITests.swift */; };
		C38E718C20FFBC94003C139F /* ProfileEmptyCell.swift in Sources */ = {isa = PBXBuildFile; fileRef = C38E718B20FFBC94003C139F /* ProfileEmptyCell.swift */; };
		C38E718E20FFC1C0003C139F /* ProfileLocationListFooter.swift in Sources */ = {isa = PBXBuildFile; fileRef = C38E718D20FFC1C0003C139F /* ProfileLocationListFooter.swift */; };
		C38E719220FFCB15003C139F /* FoundDriverViewController.xib in Resources */ = {isa = PBXBuildFile; fileRef = C38E719120FFCB15003C139F /* FoundDriverViewController.xib */; };
		C38E719420FFD4C7003C139F /* FoundDriverViewController.swift in Sources */ = {isa = PBXBuildFile; fileRef = C38E719320FFD4C7003C139F /* FoundDriverViewController.swift */; };
		C38E719620FFDB24003C139F /* DriverProfileViewController.xib in Resources */ = {isa = PBXBuildFile; fileRef = C38E719520FFDB24003C139F /* DriverProfileViewController.xib */; };
		C38E719820FFDB73003C139F /* DriverProfileViewController.swift in Sources */ = {isa = PBXBuildFile; fileRef = C38E719720FFDB73003C139F /* DriverProfileViewController.swift */; };
		C3C81D4C20FDE6F6001F2C08 /* Globals.swift in Sources */ = {isa = PBXBuildFile; fileRef = C3C81D4B20FDE6F6001F2C08 /* Globals.swift */; };
		C3C81D4E20FDE9BE001F2C08 /* User.swift in Sources */ = {isa = PBXBuildFile; fileRef = C3C81D4D20FDE9BE001F2C08 /* User.swift */; };
		C3C81D5220FDF4B0001F2C08 /* Settings.storyboard in Resources */ = {isa = PBXBuildFile; fileRef = C3C81D5120FDF4B0001F2C08 /* Settings.storyboard */; };
		C3C81D5420FDF99C001F2C08 /* SettingsViewController.swift in Sources */ = {isa = PBXBuildFile; fileRef = C3C81D5320FDF99C001F2C08 /* SettingsViewController.swift */; };
		C3C81D5620FE6DA3001F2C08 /* Utils.swift in Sources */ = {isa = PBXBuildFile; fileRef = C3C81D5520FE6DA3001F2C08 /* Utils.swift */; };
		C3C81D5820FE7061001F2C08 /* AboutViewController.xib in Resources */ = {isa = PBXBuildFile; fileRef = C3C81D5720FE7061001F2C08 /* AboutViewController.xib */; };
		C3C81D5A20FE70D9001F2C08 /* AboutViewController.swift in Sources */ = {isa = PBXBuildFile; fileRef = C3C81D5920FE70D9001F2C08 /* AboutViewController.swift */; };
		C3C81D5C20FE732B001F2C08 /* ProfileViewController.xib in Resources */ = {isa = PBXBuildFile; fileRef = C3C81D5B20FE732B001F2C08 /* ProfileViewController.xib */; };
		C3C81D5F20FE7C86001F2C08 /* ProfileUserCell.xib in Resources */ = {isa = PBXBuildFile; fileRef = C3C81D5E20FE7C86001F2C08 /* ProfileUserCell.xib */; };
		C3C81D6120FE8062001F2C08 /* ProfileCardListHeader.xib in Resources */ = {isa = PBXBuildFile; fileRef = C3C81D6020FE8062001F2C08 /* ProfileCardListHeader.xib */; };
		C3C81D6320FE812F001F2C08 /* ProfileEmptyCell.xib in Resources */ = {isa = PBXBuildFile; fileRef = C3C81D6220FE812F001F2C08 /* ProfileEmptyCell.xib */; };
		C3C81D6520FE81B2001F2C08 /* ProfileLocationListFooter.xib in Resources */ = {isa = PBXBuildFile; fileRef = C3C81D6420FE81B2001F2C08 /* ProfileLocationListFooter.xib */; };
		C3C81D6820FE8305001F2C08 /* ProfileViewController.swift in Sources */ = {isa = PBXBuildFile; fileRef = C3C81D6720FE8305001F2C08 /* ProfileViewController.swift */; };
		C3C81D6A20FE857E001F2C08 /* ProfileUserCell.swift in Sources */ = {isa = PBXBuildFile; fileRef = C3C81D6920FE857E001F2C08 /* ProfileUserCell.swift */; };
		C3C81D6D20FEB6F7001F2C08 /* BaseCustomView.swift in Sources */ = {isa = PBXBuildFile; fileRef = C3C81D6C20FEB6F7001F2C08 /* BaseCustomView.swift */; };
		C3C81D6F20FEB74C001F2C08 /* ProfileCardListHeader.swift in Sources */ = {isa = PBXBuildFile; fileRef = C3C81D6E20FEB74C001F2C08 /* ProfileCardListHeader.swift */; };
		C3E0EA2A20FD3EFE00F41DB7 /* BaseMapViewController.swift in Sources */ = {isa = PBXBuildFile; fileRef = C3E0EA2920FD3EFE00F41DB7 /* BaseMapViewController.swift */; };
		C3EE8C7E20FC2F92000D7CD5 /* SignupChooseViewController.swift in Sources */ = {isa = PBXBuildFile; fileRef = C3EE8C7D20FC2F92000D7CD5 /* SignupChooseViewController.swift */; };
		C3EE8C8020FC39A8000D7CD5 /* TermViewController.xib in Resources */ = {isa = PBXBuildFile; fileRef = C3EE8C7F20FC39A8000D7CD5 /* TermViewController.xib */; };
		C3EE8C8220FC3AF9000D7CD5 /* TermViewController.swift in Sources */ = {isa = PBXBuildFile; fileRef = C3EE8C8120FC3AF9000D7CD5 /* TermViewController.swift */; };
		C3EE8C8420FC3BA0000D7CD5 /* Config.swift in Sources */ = {isa = PBXBuildFile; fileRef = C3EE8C8320FC3BA0000D7CD5 /* Config.swift */; };
		C3EE8C8620FC44E7000D7CD5 /* MainUserViewController.xib in Resources */ = {isa = PBXBuildFile; fileRef = C3EE8C8520FC44E7000D7CD5 /* MainUserViewController.xib */; };
		C3EE8C8820FCA38B000D7CD5 /* MainUserViewController.swift in Sources */ = {isa = PBXBuildFile; fileRef = C3EE8C8720FCA38B000D7CD5 /* MainUserViewController.swift */; };
		C3FC10FB20FA00F100DAA392 /* OnboardViewController.xib in Resources */ = {isa = PBXBuildFile; fileRef = C3FC10FA20FA00F100DAA392 /* OnboardViewController.xib */; };
		C3FC10FE20FA86F900DAA392 /* Constants.swift in Sources */ = {isa = PBXBuildFile; fileRef = C3FC10FD20FA86F900DAA392 /* Constants.swift */; };
		C3FC110020FA8F2B00DAA392 /* OnboardViewController.swift in Sources */ = {isa = PBXBuildFile; fileRef = C3FC10FF20FA8F2B00DAA392 /* OnboardViewController.swift */; };
		C3FC110320FA914400DAA392 /* EXO-EXTRABOLD.otf in Resources */ = {isa = PBXBuildFile; fileRef = C3FC110220FA914400DAA392 /* EXO-EXTRABOLD.otf */; };
		C3FC110520FA919400DAA392 /* ARTextHelper.swift in Sources */ = {isa = PBXBuildFile; fileRef = C3FC110420FA919400DAA392 /* ARTextHelper.swift */; };
		C3FC110720FA957400DAA392 /* Extensions.swift in Sources */ = {isa = PBXBuildFile; fileRef = C3FC110620FA957400DAA392 /* Extensions.swift */; };
		C3FC110920FB023900DAA392 /* SigninViewController.xib in Resources */ = {isa = PBXBuildFile; fileRef = C3FC110820FB023900DAA392 /* SigninViewController.xib */; };
		C3FC110B20FB0A3900DAA392 /* SigninViewController.swift in Sources */ = {isa = PBXBuildFile; fileRef = C3FC110A20FB0A3900DAA392 /* SigninViewController.swift */; };
		C3FC110D20FB0A7700DAA392 /* BaseViewController.swift in Sources */ = {isa = PBXBuildFile; fileRef = C3FC110C20FB0A7700DAA392 /* BaseViewController.swift */; };
		C3FC110F20FB472D00DAA392 /* ForgetViewController.xib in Resources */ = {isa = PBXBuildFile; fileRef = C3FC110E20FB472D00DAA392 /* ForgetViewController.xib */; };
		C3FC111120FBD13000DAA392 /* ForgetViewController.swift in Sources */ = {isa = PBXBuildFile; fileRef = C3FC111020FBD13000DAA392 /* ForgetViewController.swift */; };
		C3FC111420FBE05800DAA392 /* SignupEmailViewController.xib in Resources */ = {isa = PBXBuildFile; fileRef = C3FC111320FBE05800DAA392 /* SignupEmailViewController.xib */; };
		C3FC111720FBE69200DAA392 /* SignupEmailViewController.swift in Sources */ = {isa = PBXBuildFile; fileRef = C3FC111620FBE69200DAA392 /* SignupEmailViewController.swift */; };
		C3FC111920FBEBEE00DAA392 /* SignupProfileViewController.xib in Resources */ = {isa = PBXBuildFile; fileRef = C3FC111820FBEBEE00DAA392 /* SignupProfileViewController.xib */; };
		C3FC111B20FBF37100DAA392 /* SignupProfileViewController.swift in Sources */ = {isa = PBXBuildFile; fileRef = C3FC111A20FBF37100DAA392 /* SignupProfileViewController.swift */; };
		C3FC111D20FC0F1C00DAA392 /* SignupChooseViewController.xib in Resources */ = {isa = PBXBuildFile; fileRef = C3FC111C20FC0F1C00DAA392 /* SignupChooseViewController.xib */; };
/* End PBXBuildFile section */

/* Begin PBXContainerItemProxy section */
		C37C646F20F8B4C200ECC1FA /* PBXContainerItemProxy */ = {
			isa = PBXContainerItemProxy;
			containerPortal = C37C645220F8B4C100ECC1FA /* Project object */;
			proxyType = 1;
			remoteGlobalIDString = C37C645920F8B4C100ECC1FA;
			remoteInfo = AxRide;
		};
		C37C647A20F8B4C200ECC1FA /* PBXContainerItemProxy */ = {
			isa = PBXContainerItemProxy;
			containerPortal = C37C645220F8B4C100ECC1FA /* Project object */;
			proxyType = 1;
			remoteGlobalIDString = C37C645920F8B4C100ECC1FA;
			remoteInfo = AxRide;
		};
/* End PBXContainerItemProxy section */

/* Begin PBXFileReference section */
		384C2CA1F8994EC5FAAB7EE0 /* Pods-AxRideUITests.debug.xcconfig */ = {isa = PBXFileReference; includeInIndex = 1; lastKnownFileType = text.xcconfig; name = "Pods-AxRideUITests.debug.xcconfig"; path = "Pods/Target Support Files/Pods-AxRideUITests/Pods-AxRideUITests.debug.xcconfig"; sourceTree = "<group>"; };
		6022E6D68BBBE849C094CDAC /* Pods-AxRide.debug.xcconfig */ = {isa = PBXFileReference; includeInIndex = 1; lastKnownFileType = text.xcconfig; name = "Pods-AxRide.debug.xcconfig"; path = "Pods/Target Support Files/Pods-AxRide/Pods-AxRide.debug.xcconfig"; sourceTree = "<group>"; };
		8E54110D02939500BADE773A /* Pods_AxRideUITests.framework */ = {isa = PBXFileReference; explicitFileType = wrapper.framework; includeInIndex = 0; path = Pods_AxRideUITests.framework; sourceTree = BUILT_PRODUCTS_DIR; };
		AD4DFAFCE8002BE88FE3AD10 /* Pods_AxRide.framework */ = {isa = PBXFileReference; explicitFileType = wrapper.framework; includeInIndex = 0; path = Pods_AxRide.framework; sourceTree = BUILT_PRODUCTS_DIR; };
		B8684931169060DD272CA2EE /* Pods-AxRideTests.release.xcconfig */ = {isa = PBXFileReference; includeInIndex = 1; lastKnownFileType = text.xcconfig; name = "Pods-AxRideTests.release.xcconfig"; path = "Pods/Target Support Files/Pods-AxRideTests/Pods-AxRideTests.release.xcconfig"; sourceTree = "<group>"; };
		C33F88EA21002ACD00C52766 /* Order.swift */ = {isa = PBXFileReference; lastKnownFileType = sourcecode.swift; path = Order.swift; sourceTree = "<group>"; };
		C37C645A20F8B4C100ECC1FA /* AxRide.app */ = {isa = PBXFileReference; explicitFileType = wrapper.application; includeInIndex = 0; path = AxRide.app; sourceTree = BUILT_PRODUCTS_DIR; };
		C37C645D20F8B4C100ECC1FA /* AppDelegate.swift */ = {isa = PBXFileReference; lastKnownFileType = sourcecode.swift; path = AppDelegate.swift; sourceTree = "<group>"; };
		C37C646420F8B4C100ECC1FA /* Assets.xcassets */ = {isa = PBXFileReference; lastKnownFileType = folder.assetcatalog; path = Assets.xcassets; sourceTree = "<group>"; };
		C37C646720F8B4C100ECC1FA /* Base */ = {isa = PBXFileReference; lastKnownFileType = file.storyboard; name = Base; path = Base.lproj/LaunchScreen.storyboard; sourceTree = "<group>"; };
		C37C646920F8B4C200ECC1FA /* Info.plist */ = {isa = PBXFileReference; lastKnownFileType = text.plist.xml; path = Info.plist; sourceTree = "<group>"; };
		C37C646E20F8B4C200ECC1FA /* AxRideTests.xctest */ = {isa = PBXFileReference; explicitFileType = wrapper.cfbundle; includeInIndex = 0; path = AxRideTests.xctest; sourceTree = BUILT_PRODUCTS_DIR; };
		C37C647220F8B4C200ECC1FA /* AxRideTests.swift */ = {isa = PBXFileReference; lastKnownFileType = sourcecode.swift; path = AxRideTests.swift; sourceTree = "<group>"; };
		C37C647420F8B4C200ECC1FA /* Info.plist */ = {isa = PBXFileReference; lastKnownFileType = text.plist.xml; path = Info.plist; sourceTree = "<group>"; };
		C37C647920F8B4C200ECC1FA /* AxRideUITests.xctest */ = {isa = PBXFileReference; explicitFileType = wrapper.cfbundle; includeInIndex = 0; path = AxRideUITests.xctest; sourceTree = BUILT_PRODUCTS_DIR; };
		C37C647D20F8B4C200ECC1FA /* AxRideUITests.swift */ = {isa = PBXFileReference; lastKnownFileType = sourcecode.swift; path = AxRideUITests.swift; sourceTree = "<group>"; };
		C37C647F20F8B4C200ECC1FA /* Info.plist */ = {isa = PBXFileReference; lastKnownFileType = text.plist.xml; path = Info.plist; sourceTree = "<group>"; };
		C38E718B20FFBC94003C139F /* ProfileEmptyCell.swift */ = {isa = PBXFileReference; lastKnownFileType = sourcecode.swift; path = ProfileEmptyCell.swift; sourceTree = "<group>"; };
		C38E718D20FFC1C0003C139F /* ProfileLocationListFooter.swift */ = {isa = PBXFileReference; lastKnownFileType = sourcecode.swift; path = ProfileLocationListFooter.swift; sourceTree = "<group>"; };
		C38E719120FFCB15003C139F /* FoundDriverViewController.xib */ = {isa = PBXFileReference; lastKnownFileType = file.xib; path = FoundDriverViewController.xib; sourceTree = "<group>"; };
		C38E719320FFD4C7003C139F /* FoundDriverViewController.swift */ = {isa = PBXFileReference; lastKnownFileType = sourcecode.swift; path = FoundDriverViewController.swift; sourceTree = "<group>"; };
		C38E719520FFDB24003C139F /* DriverProfileViewController.xib */ = {isa = PBXFileReference; lastKnownFileType = file.xib; path = DriverProfileViewController.xib; sourceTree = "<group>"; };
		C38E719720FFDB73003C139F /* DriverProfileViewController.swift */ = {isa = PBXFileReference; lastKnownFileType = sourcecode.swift; path = DriverProfileViewController.swift; sourceTree = "<group>"; };
		C3C81D4B20FDE6F6001F2C08 /* Globals.swift */ = {isa = PBXFileReference; lastKnownFileType = sourcecode.swift; path = Globals.swift; sourceTree = "<group>"; };
		C3C81D4D20FDE9BE001F2C08 /* User.swift */ = {isa = PBXFileReference; lastKnownFileType = sourcecode.swift; path = User.swift; sourceTree = "<group>"; };
		C3C81D5120FDF4B0001F2C08 /* Settings.storyboard */ = {isa = PBXFileReference; lastKnownFileType = file.storyboard; path = Settings.storyboard; sourceTree = "<group>"; };
		C3C81D5320FDF99C001F2C08 /* SettingsViewController.swift */ = {isa = PBXFileReference; lastKnownFileType = sourcecode.swift; path = SettingsViewController.swift; sourceTree = "<group>"; };
		C3C81D5520FE6DA3001F2C08 /* Utils.swift */ = {isa = PBXFileReference; lastKnownFileType = sourcecode.swift; path = Utils.swift; sourceTree = "<group>"; };
		C3C81D5720FE7061001F2C08 /* AboutViewController.xib */ = {isa = PBXFileReference; lastKnownFileType = file.xib; path = AboutViewController.xib; sourceTree = "<group>"; };
		C3C81D5920FE70D9001F2C08 /* AboutViewController.swift */ = {isa = PBXFileReference; lastKnownFileType = sourcecode.swift; path = AboutViewController.swift; sourceTree = "<group>"; };
		C3C81D5B20FE732B001F2C08 /* ProfileViewController.xib */ = {isa = PBXFileReference; lastKnownFileType = file.xib; path = ProfileViewController.xib; sourceTree = "<group>"; };
		C3C81D5E20FE7C86001F2C08 /* ProfileUserCell.xib */ = {isa = PBXFileReference; lastKnownFileType = file.xib; path = ProfileUserCell.xib; sourceTree = "<group>"; };
		C3C81D6020FE8062001F2C08 /* ProfileCardListHeader.xib */ = {isa = PBXFileReference; lastKnownFileType = file.xib; path = ProfileCardListHeader.xib; sourceTree = "<group>"; };
		C3C81D6220FE812F001F2C08 /* ProfileEmptyCell.xib */ = {isa = PBXFileReference; lastKnownFileType = file.xib; path = ProfileEmptyCell.xib; sourceTree = "<group>"; };
		C3C81D6420FE81B2001F2C08 /* ProfileLocationListFooter.xib */ = {isa = PBXFileReference; lastKnownFileType = file.xib; path = ProfileLocationListFooter.xib; sourceTree = "<group>"; };
		C3C81D6720FE8305001F2C08 /* ProfileViewController.swift */ = {isa = PBXFileReference; lastKnownFileType = sourcecode.swift; path = ProfileViewController.swift; sourceTree = "<group>"; };
		C3C81D6920FE857E001F2C08 /* ProfileUserCell.swift */ = {isa = PBXFileReference; lastKnownFileType = sourcecode.swift; path = ProfileUserCell.swift; sourceTree = "<group>"; };
		C3C81D6C20FEB6F7001F2C08 /* BaseCustomView.swift */ = {isa = PBXFileReference; lastKnownFileType = sourcecode.swift; path = BaseCustomView.swift; sourceTree = "<group>"; };
		C3C81D6E20FEB74C001F2C08 /* ProfileCardListHeader.swift */ = {isa = PBXFileReference; lastKnownFileType = sourcecode.swift; path = ProfileCardListHeader.swift; sourceTree = "<group>"; };
		C3E0EA2920FD3EFE00F41DB7 /* BaseMapViewController.swift */ = {isa = PBXFileReference; lastKnownFileType = sourcecode.swift; path = BaseMapViewController.swift; sourceTree = "<group>"; };
		C3EE8C7D20FC2F92000D7CD5 /* SignupChooseViewController.swift */ = {isa = PBXFileReference; lastKnownFileType = sourcecode.swift; path = SignupChooseViewController.swift; sourceTree = "<group>"; };
		C3EE8C7F20FC39A8000D7CD5 /* TermViewController.xib */ = {isa = PBXFileReference; lastKnownFileType = file.xib; path = TermViewController.xib; sourceTree = "<group>"; };
		C3EE8C8120FC3AF9000D7CD5 /* TermViewController.swift */ = {isa = PBXFileReference; lastKnownFileType = sourcecode.swift; path = TermViewController.swift; sourceTree = "<group>"; };
		C3EE8C8320FC3BA0000D7CD5 /* Config.swift */ = {isa = PBXFileReference; lastKnownFileType = sourcecode.swift; path = Config.swift; sourceTree = "<group>"; };
		C3EE8C8520FC44E7000D7CD5 /* MainUserViewController.xib */ = {isa = PBXFileReference; lastKnownFileType = file.xib; path = MainUserViewController.xib; sourceTree = "<group>"; };
		C3EE8C8720FCA38B000D7CD5 /* MainUserViewController.swift */ = {isa = PBXFileReference; lastKnownFileType = sourcecode.swift; path = MainUserViewController.swift; sourceTree = "<group>"; };
		C3FC10FA20FA00F100DAA392 /* OnboardViewController.xib */ = {isa = PBXFileReference; lastKnownFileType = file.xib; path = OnboardViewController.xib; sourceTree = "<group>"; };
		C3FC10FD20FA86F900DAA392 /* Constants.swift */ = {isa = PBXFileReference; lastKnownFileType = sourcecode.swift; path = Constants.swift; sourceTree = "<group>"; };
		C3FC10FF20FA8F2B00DAA392 /* OnboardViewController.swift */ = {isa = PBXFileReference; lastKnownFileType = sourcecode.swift; path = OnboardViewController.swift; sourceTree = "<group>"; };
		C3FC110220FA914400DAA392 /* EXO-EXTRABOLD.otf */ = {isa = PBXFileReference; lastKnownFileType = file; path = "EXO-EXTRABOLD.otf"; sourceTree = "<group>"; };
		C3FC110420FA919400DAA392 /* ARTextHelper.swift */ = {isa = PBXFileReference; lastKnownFileType = sourcecode.swift; path = ARTextHelper.swift; sourceTree = "<group>"; };
		C3FC110620FA957400DAA392 /* Extensions.swift */ = {isa = PBXFileReference; lastKnownFileType = sourcecode.swift; path = Extensions.swift; sourceTree = "<group>"; };
		C3FC110820FB023900DAA392 /* SigninViewController.xib */ = {isa = PBXFileReference; lastKnownFileType = file.xib; path = SigninViewController.xib; sourceTree = "<group>"; };
		C3FC110A20FB0A3900DAA392 /* SigninViewController.swift */ = {isa = PBXFileReference; lastKnownFileType = sourcecode.swift; path = SigninViewController.swift; sourceTree = "<group>"; };
		C3FC110C20FB0A7700DAA392 /* BaseViewController.swift */ = {isa = PBXFileReference; lastKnownFileType = sourcecode.swift; path = BaseViewController.swift; sourceTree = "<group>"; };
		C3FC110E20FB472D00DAA392 /* ForgetViewController.xib */ = {isa = PBXFileReference; lastKnownFileType = file.xib; path = ForgetViewController.xib; sourceTree = "<group>"; };
		C3FC111020FBD13000DAA392 /* ForgetViewController.swift */ = {isa = PBXFileReference; lastKnownFileType = sourcecode.swift; path = ForgetViewController.swift; sourceTree = "<group>"; };
		C3FC111320FBE05800DAA392 /* SignupEmailViewController.xib */ = {isa = PBXFileReference; lastKnownFileType = file.xib; path = SignupEmailViewController.xib; sourceTree = "<group>"; };
		C3FC111620FBE69200DAA392 /* SignupEmailViewController.swift */ = {isa = PBXFileReference; lastKnownFileType = sourcecode.swift; path = SignupEmailViewController.swift; sourceTree = "<group>"; };
		C3FC111820FBEBEE00DAA392 /* SignupProfileViewController.xib */ = {isa = PBXFileReference; lastKnownFileType = file.xib; path = SignupProfileViewController.xib; sourceTree = "<group>"; };
		C3FC111A20FBF37100DAA392 /* SignupProfileViewController.swift */ = {isa = PBXFileReference; lastKnownFileType = sourcecode.swift; path = SignupProfileViewController.swift; sourceTree = "<group>"; };
		C3FC111C20FC0F1C00DAA392 /* SignupChooseViewController.xib */ = {isa = PBXFileReference; lastKnownFileType = file.xib; path = SignupChooseViewController.xib; sourceTree = "<group>"; };
		CDDE5B81BF71EA296A4F3E88 /* Pods-AxRideTests.debug.xcconfig */ = {isa = PBXFileReference; includeInIndex = 1; lastKnownFileType = text.xcconfig; name = "Pods-AxRideTests.debug.xcconfig"; path = "Pods/Target Support Files/Pods-AxRideTests/Pods-AxRideTests.debug.xcconfig"; sourceTree = "<group>"; };
		D309FD1287A9F9B420515CCC /* Pods_AxRideTests.framework */ = {isa = PBXFileReference; explicitFileType = wrapper.framework; includeInIndex = 0; path = Pods_AxRideTests.framework; sourceTree = BUILT_PRODUCTS_DIR; };
		F816AA4BB6B87A4BEA370A89 /* Pods-AxRide.release.xcconfig */ = {isa = PBXFileReference; includeInIndex = 1; lastKnownFileType = text.xcconfig; name = "Pods-AxRide.release.xcconfig"; path = "Pods/Target Support Files/Pods-AxRide/Pods-AxRide.release.xcconfig"; sourceTree = "<group>"; };
		FB54C084FB713550978A82D6 /* Pods-AxRideUITests.release.xcconfig */ = {isa = PBXFileReference; includeInIndex = 1; lastKnownFileType = text.xcconfig; name = "Pods-AxRideUITests.release.xcconfig"; path = "Pods/Target Support Files/Pods-AxRideUITests/Pods-AxRideUITests.release.xcconfig"; sourceTree = "<group>"; };
/* End PBXFileReference section */

/* Begin PBXFrameworksBuildPhase section */
		C37C645720F8B4C100ECC1FA /* Frameworks */ = {
			isa = PBXFrameworksBuildPhase;
			buildActionMask = 2147483647;
			files = (
				521B9EDAA5218C1B803E4E9C /* Pods_AxRide.framework in Frameworks */,
			);
			runOnlyForDeploymentPostprocessing = 0;
		};
		C37C646B20F8B4C200ECC1FA /* Frameworks */ = {
			isa = PBXFrameworksBuildPhase;
			buildActionMask = 2147483647;
			files = (
				8441F18E76A70D924F67E449 /* Pods_AxRideTests.framework in Frameworks */,
			);
			runOnlyForDeploymentPostprocessing = 0;
		};
		C37C647620F8B4C200ECC1FA /* Frameworks */ = {
			isa = PBXFrameworksBuildPhase;
			buildActionMask = 2147483647;
			files = (
				8E8DCF09DD854F0CE5B74A99 /* Pods_AxRideUITests.framework in Frameworks */,
			);
			runOnlyForDeploymentPostprocessing = 0;
		};
/* End PBXFrameworksBuildPhase section */

/* Begin PBXGroup section */
		14640E14BB1BFE82CA287F65 /* Frameworks */ = {
			isa = PBXGroup;
			children = (
				AD4DFAFCE8002BE88FE3AD10 /* Pods_AxRide.framework */,
				D309FD1287A9F9B420515CCC /* Pods_AxRideTests.framework */,
				8E54110D02939500BADE773A /* Pods_AxRideUITests.framework */,
			);
			name = Frameworks;
			sourceTree = "<group>";
		};
		3BF1DE47CA2A4DB4F80A039C /* Pods */ = {
			isa = PBXGroup;
			children = (
				6022E6D68BBBE849C094CDAC /* Pods-AxRide.debug.xcconfig */,
				F816AA4BB6B87A4BEA370A89 /* Pods-AxRide.release.xcconfig */,
				CDDE5B81BF71EA296A4F3E88 /* Pods-AxRideTests.debug.xcconfig */,
				B8684931169060DD272CA2EE /* Pods-AxRideTests.release.xcconfig */,
				384C2CA1F8994EC5FAAB7EE0 /* Pods-AxRideUITests.debug.xcconfig */,
				FB54C084FB713550978A82D6 /* Pods-AxRideUITests.release.xcconfig */,
			);
			name = Pods;
			sourceTree = "<group>";
		};
		C37C645120F8B4C100ECC1FA = {
			isa = PBXGroup;
			children = (
				C37C645C20F8B4C100ECC1FA /* AxRide */,
				C37C647120F8B4C200ECC1FA /* AxRideTests */,
				C37C647C20F8B4C200ECC1FA /* AxRideUITests */,
				C37C645B20F8B4C100ECC1FA /* Products */,
				3BF1DE47CA2A4DB4F80A039C /* Pods */,
				14640E14BB1BFE82CA287F65 /* Frameworks */,
			);
			sourceTree = "<group>";
		};
		C37C645B20F8B4C100ECC1FA /* Products */ = {
			isa = PBXGroup;
			children = (
				C37C645A20F8B4C100ECC1FA /* AxRide.app */,
				C37C646E20F8B4C200ECC1FA /* AxRideTests.xctest */,
				C37C647920F8B4C200ECC1FA /* AxRideUITests.xctest */,
			);
			name = Products;
			sourceTree = "<group>";
		};
		C37C645C20F8B4C100ECC1FA /* AxRide */ = {
			isa = PBXGroup;
			children = (
				C3FC10FC20FA86D700DAA392 /* Helpers */,
				C3891F6420F9304100E6D81B /* Resource */,
				C3891F6320F9303300E6D81B /* Model */,
				C3891F6120F92FD800E6D81B /* ViewController */,
				C3891F6020F92FC800E6D81B /* View */,
				C37C645D20F8B4C100ECC1FA /* AppDelegate.swift */,
				C37C646420F8B4C100ECC1FA /* Assets.xcassets */,
				C37C646920F8B4C200ECC1FA /* Info.plist */,
			);
			path = AxRide;
			sourceTree = "<group>";
		};
		C37C647120F8B4C200ECC1FA /* AxRideTests */ = {
			isa = PBXGroup;
			children = (
				C37C647220F8B4C200ECC1FA /* AxRideTests.swift */,
				C37C647420F8B4C200ECC1FA /* Info.plist */,
			);
			path = AxRideTests;
			sourceTree = "<group>";
		};
		C37C647C20F8B4C200ECC1FA /* AxRideUITests */ = {
			isa = PBXGroup;
			children = (
				C37C647D20F8B4C200ECC1FA /* AxRideUITests.swift */,
				C37C647F20F8B4C200ECC1FA /* Info.plist */,
			);
			path = AxRideUITests;
			sourceTree = "<group>";
		};
		C3891F6020F92FC800E6D81B /* View */ = {
			isa = PBXGroup;
			children = (
				C38E718F20FFCADD003C139F /* User */,
				C3C81D5D20FE7C5E001F2C08 /* Profile */,
				C3FC111220FBDE3200DAA392 /* Signup */,
				C3FC10FA20FA00F100DAA392 /* OnboardViewController.xib */,
				C3891F6220F92FEB00E6D81B /* Storyboard */,
				C3FC110820FB023900DAA392 /* SigninViewController.xib */,
				C3FC110E20FB472D00DAA392 /* ForgetViewController.xib */,
				C3EE8C7F20FC39A8000D7CD5 /* TermViewController.xib */,
				C3C81D5720FE7061001F2C08 /* AboutViewController.xib */,
			);
			path = View;
			sourceTree = "<group>";
		};
		C3891F6120F92FD800E6D81B /* ViewController */ = {
			isa = PBXGroup;
			children = (
				C38E719020FFCAF5003C139F /* User */,
				C3C81D6B20FEB6E4001F2C08 /* CustomUI */,
				C3C81D6620FE825F001F2C08 /* Profile */,
				C3FC111520FBE63D00DAA392 /* Signup */,
				C3FC10FF20FA8F2B00DAA392 /* OnboardViewController.swift */,
				C3FC110A20FB0A3900DAA392 /* SigninViewController.swift */,
				C3FC110C20FB0A7700DAA392 /* BaseViewController.swift */,
				C3FC111020FBD13000DAA392 /* ForgetViewController.swift */,
				C3EE8C8120FC3AF9000D7CD5 /* TermViewController.swift */,
				C3E0EA2920FD3EFE00F41DB7 /* BaseMapViewController.swift */,
				C3C81D5320FDF99C001F2C08 /* SettingsViewController.swift */,
				C3C81D5920FE70D9001F2C08 /* AboutViewController.swift */,
			);
			path = ViewController;
			sourceTree = "<group>";
		};
		C3891F6220F92FEB00E6D81B /* Storyboard */ = {
			isa = PBXGroup;
			children = (
				C37C646620F8B4C100ECC1FA /* LaunchScreen.storyboard */,
				C3C81D5120FDF4B0001F2C08 /* Settings.storyboard */,
			);
			path = Storyboard;
			sourceTree = "<group>";
		};
		C3891F6320F9303300E6D81B /* Model */ = {
			isa = PBXGroup;
			children = (
				C3C81D4D20FDE9BE001F2C08 /* User.swift */,
				C33F88EA21002ACD00C52766 /* Order.swift */,
			);
			path = Model;
			sourceTree = "<group>";
		};
		C3891F6420F9304100E6D81B /* Resource */ = {
			isa = PBXGroup;
			children = (
				C3FC110120FA906200DAA392 /* Font */,
			);
			path = Resource;
			sourceTree = "<group>";
		};
		C38E718F20FFCADD003C139F /* User */ = {
			isa = PBXGroup;
			children = (
				C3EE8C8520FC44E7000D7CD5 /* MainUserViewController.xib */,
				C38E719120FFCB15003C139F /* FoundDriverViewController.xib */,
				C38E719520FFDB24003C139F /* DriverProfileViewController.xib */,
			);
			path = User;
			sourceTree = "<group>";
		};
		C38E719020FFCAF5003C139F /* User */ = {
			isa = PBXGroup;
			children = (
				C3EE8C8720FCA38B000D7CD5 /* MainUserViewController.swift */,
				C38E719320FFD4C7003C139F /* FoundDriverViewController.swift */,
				C38E719720FFDB73003C139F /* DriverProfileViewController.swift */,
			);
			path = User;
			sourceTree = "<group>";
		};
		C3C81D5D20FE7C5E001F2C08 /* Profile */ = {
			isa = PBXGroup;
			children = (
				C3C81D5B20FE732B001F2C08 /* ProfileViewController.xib */,
				C3C81D5E20FE7C86001F2C08 /* ProfileUserCell.xib */,
				C3C81D6020FE8062001F2C08 /* ProfileCardListHeader.xib */,
				C3C81D6220FE812F001F2C08 /* ProfileEmptyCell.xib */,
				C3C81D6420FE81B2001F2C08 /* ProfileLocationListFooter.xib */,
			);
			path = Profile;
			sourceTree = "<group>";
		};
		C3C81D6620FE825F001F2C08 /* Profile */ = {
			isa = PBXGroup;
			children = (
				C3C81D6720FE8305001F2C08 /* ProfileViewController.swift */,
				C3C81D6920FE857E001F2C08 /* ProfileUserCell.swift */,
				C3C81D6E20FEB74C001F2C08 /* ProfileCardListHeader.swift */,
				C38E718B20FFBC94003C139F /* ProfileEmptyCell.swift */,
				C38E718D20FFC1C0003C139F /* ProfileLocationListFooter.swift */,
			);
			path = Profile;
			sourceTree = "<group>";
		};
		C3C81D6B20FEB6E4001F2C08 /* CustomUI */ = {
			isa = PBXGroup;
			children = (
				C3C81D6C20FEB6F7001F2C08 /* BaseCustomView.swift */,
			);
			path = CustomUI;
			sourceTree = "<group>";
		};
		C3FC10FC20FA86D700DAA392 /* Helpers */ = {
			isa = PBXGroup;
			children = (
				C3FC10FD20FA86F900DAA392 /* Constants.swift */,
				C3FC110420FA919400DAA392 /* ARTextHelper.swift */,
				C3FC110620FA957400DAA392 /* Extensions.swift */,
				C3EE8C8320FC3BA0000D7CD5 /* Config.swift */,
				C3C81D4B20FDE6F6001F2C08 /* Globals.swift */,
				C3C81D5520FE6DA3001F2C08 /* Utils.swift */,
			);
			path = Helpers;
			sourceTree = "<group>";
		};
		C3FC110120FA906200DAA392 /* Font */ = {
			isa = PBXGroup;
			children = (
				C3FC110220FA914400DAA392 /* EXO-EXTRABOLD.otf */,
			);
			path = Font;
			sourceTree = "<group>";
		};
		C3FC111220FBDE3200DAA392 /* Signup */ = {
			isa = PBXGroup;
			children = (
				C3FC111320FBE05800DAA392 /* SignupEmailViewController.xib */,
				C3FC111820FBEBEE00DAA392 /* SignupProfileViewController.xib */,
				C3FC111C20FC0F1C00DAA392 /* SignupChooseViewController.xib */,
			);
			path = Signup;
			sourceTree = "<group>";
		};
		C3FC111520FBE63D00DAA392 /* Signup */ = {
			isa = PBXGroup;
			children = (
				C3FC111620FBE69200DAA392 /* SignupEmailViewController.swift */,
				C3EE8C7D20FC2F92000D7CD5 /* SignupChooseViewController.swift */,
				C3FC111A20FBF37100DAA392 /* SignupProfileViewController.swift */,
			);
			path = Signup;
			sourceTree = "<group>";
		};
/* End PBXGroup section */

/* Begin PBXNativeTarget section */
		C37C645920F8B4C100ECC1FA /* AxRide */ = {
			isa = PBXNativeTarget;
			buildConfigurationList = C37C648220F8B4C200ECC1FA /* Build configuration list for PBXNativeTarget "AxRide" */;
			buildPhases = (
				C47CEAC0556A47204BEB61FA /* [CP] Check Pods Manifest.lock */,
				C37C645620F8B4C100ECC1FA /* Sources */,
				C37C645720F8B4C100ECC1FA /* Frameworks */,
				C37C645820F8B4C100ECC1FA /* Resources */,
				87A889957B97C9C8BE5BCB43 /* [CP] Embed Pods Frameworks */,
				192BD9C99A54E6097BA40809 /* [CP] Copy Pods Resources */,
			);
			buildRules = (
			);
			dependencies = (
			);
			name = AxRide;
			productName = AxRide;
			productReference = C37C645A20F8B4C100ECC1FA /* AxRide.app */;
			productType = "com.apple.product-type.application";
		};
		C37C646D20F8B4C200ECC1FA /* AxRideTests */ = {
			isa = PBXNativeTarget;
			buildConfigurationList = C37C648520F8B4C200ECC1FA /* Build configuration list for PBXNativeTarget "AxRideTests" */;
			buildPhases = (
				82EF82D85FA7ECC2E58E288A /* [CP] Check Pods Manifest.lock */,
				C37C646A20F8B4C200ECC1FA /* Sources */,
				C37C646B20F8B4C200ECC1FA /* Frameworks */,
				C37C646C20F8B4C200ECC1FA /* Resources */,
			);
			buildRules = (
			);
			dependencies = (
				C37C647020F8B4C200ECC1FA /* PBXTargetDependency */,
			);
			name = AxRideTests;
			productName = AxRideTests;
			productReference = C37C646E20F8B4C200ECC1FA /* AxRideTests.xctest */;
			productType = "com.apple.product-type.bundle.unit-test";
		};
		C37C647820F8B4C200ECC1FA /* AxRideUITests */ = {
			isa = PBXNativeTarget;
			buildConfigurationList = C37C648820F8B4C200ECC1FA /* Build configuration list for PBXNativeTarget "AxRideUITests" */;
			buildPhases = (
				A1670F8B0D5DC19C5E277E78 /* [CP] Check Pods Manifest.lock */,
				C37C647520F8B4C200ECC1FA /* Sources */,
				C37C647620F8B4C200ECC1FA /* Frameworks */,
				C37C647720F8B4C200ECC1FA /* Resources */,
			);
			buildRules = (
			);
			dependencies = (
				C37C647B20F8B4C200ECC1FA /* PBXTargetDependency */,
			);
			name = AxRideUITests;
			productName = AxRideUITests;
			productReference = C37C647920F8B4C200ECC1FA /* AxRideUITests.xctest */;
			productType = "com.apple.product-type.bundle.ui-testing";
		};
/* End PBXNativeTarget section */

/* Begin PBXProject section */
		C37C645220F8B4C100ECC1FA /* Project object */ = {
			isa = PBXProject;
			attributes = {
				LastSwiftUpdateCheck = 0910;
				LastUpgradeCheck = 0940;
				ORGANIZATIONNAME = Administrator;
				TargetAttributes = {
					C37C645920F8B4C100ECC1FA = {
						CreatedOnToolsVersion = 9.1;
						ProvisioningStyle = Automatic;
					};
					C37C646D20F8B4C200ECC1FA = {
						CreatedOnToolsVersion = 9.1;
						ProvisioningStyle = Automatic;
						TestTargetID = C37C645920F8B4C100ECC1FA;
					};
					C37C647820F8B4C200ECC1FA = {
						CreatedOnToolsVersion = 9.1;
						ProvisioningStyle = Automatic;
						TestTargetID = C37C645920F8B4C100ECC1FA;
					};
				};
			};
			buildConfigurationList = C37C645520F8B4C100ECC1FA /* Build configuration list for PBXProject "AxRide" */;
			compatibilityVersion = "Xcode 8.0";
			developmentRegion = en;
			hasScannedForEncodings = 0;
			knownRegions = (
				en,
				Base,
			);
			mainGroup = C37C645120F8B4C100ECC1FA;
			productRefGroup = C37C645B20F8B4C100ECC1FA /* Products */;
			projectDirPath = "";
			projectRoot = "";
			targets = (
				C37C645920F8B4C100ECC1FA /* AxRide */,
				C37C646D20F8B4C200ECC1FA /* AxRideTests */,
				C37C647820F8B4C200ECC1FA /* AxRideUITests */,
			);
		};
/* End PBXProject section */

/* Begin PBXResourcesBuildPhase section */
		C37C645820F8B4C100ECC1FA /* Resources */ = {
			isa = PBXResourcesBuildPhase;
			buildActionMask = 2147483647;
			files = (
				C3EE8C8020FC39A8000D7CD5 /* TermViewController.xib in Resources */,
				C38E719220FFCB15003C139F /* FoundDriverViewController.xib in Resources */,
				C3EE8C8620FC44E7000D7CD5 /* MainUserViewController.xib in Resources */,
				C3C81D5C20FE732B001F2C08 /* ProfileViewController.xib in Resources */,
				C37C646820F8B4C100ECC1FA /* LaunchScreen.storyboard in Resources */,
				C3C81D6320FE812F001F2C08 /* ProfileEmptyCell.xib in Resources */,
				C3C81D6520FE81B2001F2C08 /* ProfileLocationListFooter.xib in Resources */,
				C3FC111420FBE05800DAA392 /* SignupEmailViewController.xib in Resources */,
				C3FC110F20FB472D00DAA392 /* ForgetViewController.xib in Resources */,
				C3FC110920FB023900DAA392 /* SigninViewController.xib in Resources */,
				C3C81D5820FE7061001F2C08 /* AboutViewController.xib in Resources */,
				C3FC111D20FC0F1C00DAA392 /* SignupChooseViewController.xib in Resources */,
				C38E719620FFDB24003C139F /* DriverProfileViewController.xib in Resources */,
				C37C646520F8B4C100ECC1FA /* Assets.xcassets in Resources */,
				C3C81D6120FE8062001F2C08 /* ProfileCardListHeader.xib in Resources */,
				C3FC110320FA914400DAA392 /* EXO-EXTRABOLD.otf in Resources */,
				C3FC111920FBEBEE00DAA392 /* SignupProfileViewController.xib in Resources */,
				C3C81D5220FDF4B0001F2C08 /* Settings.storyboard in Resources */,
				C3FC10FB20FA00F100DAA392 /* OnboardViewController.xib in Resources */,
				C3C81D5F20FE7C86001F2C08 /* ProfileUserCell.xib in Resources */,
			);
			runOnlyForDeploymentPostprocessing = 0;
		};
		C37C646C20F8B4C200ECC1FA /* Resources */ = {
			isa = PBXResourcesBuildPhase;
			buildActionMask = 2147483647;
			files = (
			);
			runOnlyForDeploymentPostprocessing = 0;
		};
		C37C647720F8B4C200ECC1FA /* Resources */ = {
			isa = PBXResourcesBuildPhase;
			buildActionMask = 2147483647;
			files = (
			);
			runOnlyForDeploymentPostprocessing = 0;
		};
/* End PBXResourcesBuildPhase section */

/* Begin PBXShellScriptBuildPhase section */
		192BD9C99A54E6097BA40809 /* [CP] Copy Pods Resources */ = {
			isa = PBXShellScriptBuildPhase;
			buildActionMask = 2147483647;
			files = (
			);
			inputPaths = (
				"${SRCROOT}/Pods/Target Support Files/Pods-AxRide/Pods-AxRide-resources.sh",
				"${PODS_ROOT}/GoogleMaps/Maps/Frameworks/GoogleMaps.framework/Resources/GoogleMaps.bundle",
				"${PODS_ROOT}/GooglePlaces/Frameworks/GooglePlaces.framework/Resources/GooglePlaces.bundle",
			);
			name = "[CP] Copy Pods Resources";
			outputPaths = (
				"${TARGET_BUILD_DIR}/${UNLOCALIZED_RESOURCES_FOLDER_PATH}/GoogleMaps.bundle",
				"${TARGET_BUILD_DIR}/${UNLOCALIZED_RESOURCES_FOLDER_PATH}/GooglePlaces.bundle",
			);
			runOnlyForDeploymentPostprocessing = 0;
			shellPath = /bin/sh;
			shellScript = "\"${SRCROOT}/Pods/Target Support Files/Pods-AxRide/Pods-AxRide-resources.sh\"\n";
			showEnvVarsInLog = 0;
		};
		82EF82D85FA7ECC2E58E288A /* [CP] Check Pods Manifest.lock */ = {
			isa = PBXShellScriptBuildPhase;
			buildActionMask = 2147483647;
			files = (
			);
			inputPaths = (
				"${PODS_PODFILE_DIR_PATH}/Podfile.lock",
				"${PODS_ROOT}/Manifest.lock",
			);
			name = "[CP] Check Pods Manifest.lock";
			outputPaths = (
				"$(DERIVED_FILE_DIR)/Pods-AxRideTests-checkManifestLockResult.txt",
			);
			runOnlyForDeploymentPostprocessing = 0;
			shellPath = /bin/sh;
			shellScript = "diff \"${PODS_PODFILE_DIR_PATH}/Podfile.lock\" \"${PODS_ROOT}/Manifest.lock\" > /dev/null\nif [ $? != 0 ] ; then\n    # print error to STDERR\n    echo \"error: The sandbox is not in sync with the Podfile.lock. Run 'pod install' or update your CocoaPods installation.\" >&2\n    exit 1\nfi\n# This output is used by Xcode 'outputs' to avoid re-running this script phase.\necho \"SUCCESS\" > \"${SCRIPT_OUTPUT_FILE_0}\"\n";
			showEnvVarsInLog = 0;
		};
		87A889957B97C9C8BE5BCB43 /* [CP] Embed Pods Frameworks */ = {
			isa = PBXShellScriptBuildPhase;
			buildActionMask = 2147483647;
			files = (
			);
			inputPaths = (
				"${SRCROOT}/Pods/Target Support Files/Pods-AxRide/Pods-AxRide-frameworks.sh",
				"${BUILT_PRODUCTS_DIR}/Cosmos/Cosmos.framework",
				"${BUILT_PRODUCTS_DIR}/IHKeyboardAvoiding/IHKeyboardAvoiding.framework",
				"${BUILT_PRODUCTS_DIR}/KMPlaceholderTextView/KMPlaceholderTextView.framework",
			);
			name = "[CP] Embed Pods Frameworks";
			outputPaths = (
				"${TARGET_BUILD_DIR}/${FRAMEWORKS_FOLDER_PATH}/Cosmos.framework",
				"${TARGET_BUILD_DIR}/${FRAMEWORKS_FOLDER_PATH}/IHKeyboardAvoiding.framework",
				"${TARGET_BUILD_DIR}/${FRAMEWORKS_FOLDER_PATH}/KMPlaceholderTextView.framework",
			);
			runOnlyForDeploymentPostprocessing = 0;
			shellPath = /bin/sh;
			shellScript = "\"${SRCROOT}/Pods/Target Support Files/Pods-AxRide/Pods-AxRide-frameworks.sh\"\n";
			showEnvVarsInLog = 0;
		};
		A1670F8B0D5DC19C5E277E78 /* [CP] Check Pods Manifest.lock */ = {
			isa = PBXShellScriptBuildPhase;
			buildActionMask = 2147483647;
			files = (
			);
			inputPaths = (
				"${PODS_PODFILE_DIR_PATH}/Podfile.lock",
				"${PODS_ROOT}/Manifest.lock",
			);
			name = "[CP] Check Pods Manifest.lock";
			outputPaths = (
				"$(DERIVED_FILE_DIR)/Pods-AxRideUITests-checkManifestLockResult.txt",
			);
			runOnlyForDeploymentPostprocessing = 0;
			shellPath = /bin/sh;
			shellScript = "diff \"${PODS_PODFILE_DIR_PATH}/Podfile.lock\" \"${PODS_ROOT}/Manifest.lock\" > /dev/null\nif [ $? != 0 ] ; then\n    # print error to STDERR\n    echo \"error: The sandbox is not in sync with the Podfile.lock. Run 'pod install' or update your CocoaPods installation.\" >&2\n    exit 1\nfi\n# This output is used by Xcode 'outputs' to avoid re-running this script phase.\necho \"SUCCESS\" > \"${SCRIPT_OUTPUT_FILE_0}\"\n";
			showEnvVarsInLog = 0;
		};
		C47CEAC0556A47204BEB61FA /* [CP] Check Pods Manifest.lock */ = {
			isa = PBXShellScriptBuildPhase;
			buildActionMask = 2147483647;
			files = (
			);
			inputPaths = (
				"${PODS_PODFILE_DIR_PATH}/Podfile.lock",
				"${PODS_ROOT}/Manifest.lock",
			);
			name = "[CP] Check Pods Manifest.lock";
			outputPaths = (
				"$(DERIVED_FILE_DIR)/Pods-AxRide-checkManifestLockResult.txt",
			);
			runOnlyForDeploymentPostprocessing = 0;
			shellPath = /bin/sh;
			shellScript = "diff \"${PODS_PODFILE_DIR_PATH}/Podfile.lock\" \"${PODS_ROOT}/Manifest.lock\" > /dev/null\nif [ $? != 0 ] ; then\n    # print error to STDERR\n    echo \"error: The sandbox is not in sync with the Podfile.lock. Run 'pod install' or update your CocoaPods installation.\" >&2\n    exit 1\nfi\n# This output is used by Xcode 'outputs' to avoid re-running this script phase.\necho \"SUCCESS\" > \"${SCRIPT_OUTPUT_FILE_0}\"\n";
			showEnvVarsInLog = 0;
		};
/* End PBXShellScriptBuildPhase section */

/* Begin PBXSourcesBuildPhase section */
		C37C645620F8B4C100ECC1FA /* Sources */ = {
			isa = PBXSourcesBuildPhase;
			buildActionMask = 2147483647;
			files = (
				C3C81D6A20FE857E001F2C08 /* ProfileUserCell.swift in Sources */,
				C3EE8C8820FCA38B000D7CD5 /* MainUserViewController.swift in Sources */,
				C3FC110720FA957400DAA392 /* Extensions.swift in Sources */,
				C3EE8C7E20FC2F92000D7CD5 /* SignupChooseViewController.swift in Sources */,
				C3E0EA2A20FD3EFE00F41DB7 /* BaseMapViewController.swift in Sources */,
				C37C645E20F8B4C100ECC1FA /* AppDelegate.swift in Sources */,
				C3C81D6F20FEB74C001F2C08 /* ProfileCardListHeader.swift in Sources */,
				C38E718E20FFC1C0003C139F /* ProfileLocationListFooter.swift in Sources */,
				C38E719420FFD4C7003C139F /* FoundDriverViewController.swift in Sources */,
				C3C81D6D20FEB6F7001F2C08 /* BaseCustomView.swift in Sources */,
				C3FC110B20FB0A3900DAA392 /* SigninViewController.swift in Sources */,
				C3FC111720FBE69200DAA392 /* SignupEmailViewController.swift in Sources */,
				C3C81D4E20FDE9BE001F2C08 /* User.swift in Sources */,
				C3FC111120FBD13000DAA392 /* ForgetViewController.swift in Sources */,
				C3EE8C8420FC3BA0000D7CD5 /* Config.swift in Sources */,
				C3EE8C8220FC3AF9000D7CD5 /* TermViewController.swift in Sources */,
				C3FC110520FA919400DAA392 /* ARTextHelper.swift in Sources */,
				C3FC111B20FBF37100DAA392 /* SignupProfileViewController.swift in Sources */,
				C3C81D4C20FDE6F6001F2C08 /* Globals.swift in Sources */,
				C3FC110020FA8F2B00DAA392 /* OnboardViewController.swift in Sources */,
				C38E719820FFDB73003C139F /* DriverProfileViewController.swift in Sources */,
				C3FC110D20FB0A7700DAA392 /* BaseViewController.swift in Sources */,
				C38E718C20FFBC94003C139F /* ProfileEmptyCell.swift in Sources */,
				C3FC10FE20FA86F900DAA392 /* Constants.swift in Sources */,
				C3C81D5620FE6DA3001F2C08 /* Utils.swift in Sources */,
				C3C81D6820FE8305001F2C08 /* ProfileViewController.swift in Sources */,
				C3C81D5A20FE70D9001F2C08 /* AboutViewController.swift in Sources */,
				C3C81D5420FDF99C001F2C08 /* SettingsViewController.swift in Sources */,
				C33F88EB21002ACD00C52766 /* Order.swift in Sources */,
			);
			runOnlyForDeploymentPostprocessing = 0;
		};
		C37C646A20F8B4C200ECC1FA /* Sources */ = {
			isa = PBXSourcesBuildPhase;
			buildActionMask = 2147483647;
			files = (
				C37C647320F8B4C200ECC1FA /* AxRideTests.swift in Sources */,
			);
			runOnlyForDeploymentPostprocessing = 0;
		};
		C37C647520F8B4C200ECC1FA /* Sources */ = {
			isa = PBXSourcesBuildPhase;
			buildActionMask = 2147483647;
			files = (
				C37C647E20F8B4C200ECC1FA /* AxRideUITests.swift in Sources */,
			);
			runOnlyForDeploymentPostprocessing = 0;
		};
/* End PBXSourcesBuildPhase section */

/* Begin PBXTargetDependency section */
		C37C647020F8B4C200ECC1FA /* PBXTargetDependency */ = {
			isa = PBXTargetDependency;
			target = C37C645920F8B4C100ECC1FA /* AxRide */;
			targetProxy = C37C646F20F8B4C200ECC1FA /* PBXContainerItemProxy */;
		};
		C37C647B20F8B4C200ECC1FA /* PBXTargetDependency */ = {
			isa = PBXTargetDependency;
			target = C37C645920F8B4C100ECC1FA /* AxRide */;
			targetProxy = C37C647A20F8B4C200ECC1FA /* PBXContainerItemProxy */;
		};
/* End PBXTargetDependency section */

/* Begin PBXVariantGroup section */
		C37C646620F8B4C100ECC1FA /* LaunchScreen.storyboard */ = {
			isa = PBXVariantGroup;
			children = (
				C37C646720F8B4C100ECC1FA /* Base */,
			);
			name = LaunchScreen.storyboard;
			sourceTree = "<group>";
		};
/* End PBXVariantGroup section */

/* Begin XCBuildConfiguration section */
		C37C648020F8B4C200ECC1FA /* Debug */ = {
			isa = XCBuildConfiguration;
			buildSettings = {
				ALWAYS_SEARCH_USER_PATHS = NO;
				CLANG_ANALYZER_NONNULL = YES;
				CLANG_ANALYZER_NUMBER_OBJECT_CONVERSION = YES_AGGRESSIVE;
				CLANG_CXX_LANGUAGE_STANDARD = "gnu++14";
				CLANG_CXX_LIBRARY = "libc++";
				CLANG_ENABLE_MODULES = YES;
				CLANG_ENABLE_OBJC_ARC = YES;
				CLANG_WARN_BLOCK_CAPTURE_AUTORELEASING = YES;
				CLANG_WARN_BOOL_CONVERSION = YES;
				CLANG_WARN_COMMA = YES;
				CLANG_WARN_CONSTANT_CONVERSION = YES;
				CLANG_WARN_DEPRECATED_OBJC_IMPLEMENTATIONS = YES;
				CLANG_WARN_DIRECT_OBJC_ISA_USAGE = YES_ERROR;
				CLANG_WARN_DOCUMENTATION_COMMENTS = YES;
				CLANG_WARN_EMPTY_BODY = YES;
				CLANG_WARN_ENUM_CONVERSION = YES;
				CLANG_WARN_INFINITE_RECURSION = YES;
				CLANG_WARN_INT_CONVERSION = YES;
				CLANG_WARN_NON_LITERAL_NULL_CONVERSION = YES;
				CLANG_WARN_OBJC_IMPLICIT_RETAIN_SELF = YES;
				CLANG_WARN_OBJC_LITERAL_CONVERSION = YES;
				CLANG_WARN_OBJC_ROOT_CLASS = YES_ERROR;
				CLANG_WARN_RANGE_LOOP_ANALYSIS = YES;
				CLANG_WARN_STRICT_PROTOTYPES = YES;
				CLANG_WARN_SUSPICIOUS_MOVE = YES;
				CLANG_WARN_UNGUARDED_AVAILABILITY = YES_AGGRESSIVE;
				CLANG_WARN_UNREACHABLE_CODE = YES;
				CLANG_WARN__DUPLICATE_METHOD_MATCH = YES;
				CODE_SIGN_IDENTITY = "iPhone Developer";
				COPY_PHASE_STRIP = NO;
				DEBUG_INFORMATION_FORMAT = dwarf;
				ENABLE_STRICT_OBJC_MSGSEND = YES;
				ENABLE_TESTABILITY = YES;
				GCC_C_LANGUAGE_STANDARD = gnu11;
				GCC_DYNAMIC_NO_PIC = NO;
				GCC_NO_COMMON_BLOCKS = YES;
				GCC_OPTIMIZATION_LEVEL = 0;
				GCC_PREPROCESSOR_DEFINITIONS = (
					"DEBUG=1",
					"$(inherited)",
				);
				GCC_WARN_64_TO_32_BIT_CONVERSION = YES;
				GCC_WARN_ABOUT_RETURN_TYPE = YES_ERROR;
				GCC_WARN_UNDECLARED_SELECTOR = YES;
				GCC_WARN_UNINITIALIZED_AUTOS = YES_AGGRESSIVE;
				GCC_WARN_UNUSED_FUNCTION = YES;
				GCC_WARN_UNUSED_VARIABLE = YES;
				IPHONEOS_DEPLOYMENT_TARGET = 11.1;
				MTL_ENABLE_DEBUG_INFO = YES;
				ONLY_ACTIVE_ARCH = YES;
				SDKROOT = iphoneos;
				SWIFT_ACTIVE_COMPILATION_CONDITIONS = DEBUG;
				SWIFT_OPTIMIZATION_LEVEL = "-Onone";
			};
			name = Debug;
		};
		C37C648120F8B4C200ECC1FA /* Release */ = {
			isa = XCBuildConfiguration;
			buildSettings = {
				ALWAYS_SEARCH_USER_PATHS = NO;
				CLANG_ANALYZER_NONNULL = YES;
				CLANG_ANALYZER_NUMBER_OBJECT_CONVERSION = YES_AGGRESSIVE;
				CLANG_CXX_LANGUAGE_STANDARD = "gnu++14";
				CLANG_CXX_LIBRARY = "libc++";
				CLANG_ENABLE_MODULES = YES;
				CLANG_ENABLE_OBJC_ARC = YES;
				CLANG_WARN_BLOCK_CAPTURE_AUTORELEASING = YES;
				CLANG_WARN_BOOL_CONVERSION = YES;
				CLANG_WARN_COMMA = YES;
				CLANG_WARN_CONSTANT_CONVERSION = YES;
				CLANG_WARN_DEPRECATED_OBJC_IMPLEMENTATIONS = YES;
				CLANG_WARN_DIRECT_OBJC_ISA_USAGE = YES_ERROR;
				CLANG_WARN_DOCUMENTATION_COMMENTS = YES;
				CLANG_WARN_EMPTY_BODY = YES;
				CLANG_WARN_ENUM_CONVERSION = YES;
				CLANG_WARN_INFINITE_RECURSION = YES;
				CLANG_WARN_INT_CONVERSION = YES;
				CLANG_WARN_NON_LITERAL_NULL_CONVERSION = YES;
				CLANG_WARN_OBJC_IMPLICIT_RETAIN_SELF = YES;
				CLANG_WARN_OBJC_LITERAL_CONVERSION = YES;
				CLANG_WARN_OBJC_ROOT_CLASS = YES_ERROR;
				CLANG_WARN_RANGE_LOOP_ANALYSIS = YES;
				CLANG_WARN_STRICT_PROTOTYPES = YES;
				CLANG_WARN_SUSPICIOUS_MOVE = YES;
				CLANG_WARN_UNGUARDED_AVAILABILITY = YES_AGGRESSIVE;
				CLANG_WARN_UNREACHABLE_CODE = YES;
				CLANG_WARN__DUPLICATE_METHOD_MATCH = YES;
				CODE_SIGN_IDENTITY = "iPhone Developer";
				COPY_PHASE_STRIP = NO;
				DEBUG_INFORMATION_FORMAT = "dwarf-with-dsym";
				ENABLE_NS_ASSERTIONS = NO;
				ENABLE_STRICT_OBJC_MSGSEND = YES;
				GCC_C_LANGUAGE_STANDARD = gnu11;
				GCC_NO_COMMON_BLOCKS = YES;
				GCC_WARN_64_TO_32_BIT_CONVERSION = YES;
				GCC_WARN_ABOUT_RETURN_TYPE = YES_ERROR;
				GCC_WARN_UNDECLARED_SELECTOR = YES;
				GCC_WARN_UNINITIALIZED_AUTOS = YES_AGGRESSIVE;
				GCC_WARN_UNUSED_FUNCTION = YES;
				GCC_WARN_UNUSED_VARIABLE = YES;
				IPHONEOS_DEPLOYMENT_TARGET = 11.1;
				MTL_ENABLE_DEBUG_INFO = NO;
				SDKROOT = iphoneos;
				SWIFT_OPTIMIZATION_LEVEL = "-Owholemodule";
				VALIDATE_PRODUCT = YES;
			};
			name = Release;
		};
		C37C648320F8B4C200ECC1FA /* Debug */ = {
			isa = XCBuildConfiguration;
			baseConfigurationReference = 6022E6D68BBBE849C094CDAC /* Pods-AxRide.debug.xcconfig */;
			buildSettings = {
				ASSETCATALOG_COMPILER_APPICON_NAME = AppIcon;
				CODE_SIGN_STYLE = Automatic;
				INFOPLIST_FILE = AxRide/Info.plist;
				LD_RUNPATH_SEARCH_PATHS = "$(inherited) @executable_path/Frameworks";
				PRODUCT_BUNDLE_IDENTIFIER = com.brainyapps.Axle;
				PRODUCT_NAME = "$(TARGET_NAME)";
				SWIFT_VERSION = 4.0;
				TARGETED_DEVICE_FAMILY = 1;
			};
			name = Debug;
		};
		C37C648420F8B4C200ECC1FA /* Release */ = {
			isa = XCBuildConfiguration;
			baseConfigurationReference = F816AA4BB6B87A4BEA370A89 /* Pods-AxRide.release.xcconfig */;
			buildSettings = {
				ASSETCATALOG_COMPILER_APPICON_NAME = AppIcon;
				CODE_SIGN_STYLE = Automatic;
				INFOPLIST_FILE = AxRide/Info.plist;
				LD_RUNPATH_SEARCH_PATHS = "$(inherited) @executable_path/Frameworks";
				PRODUCT_BUNDLE_IDENTIFIER = com.brainyapps.Axle;
				PRODUCT_NAME = "$(TARGET_NAME)";
				SWIFT_VERSION = 4.0;
				TARGETED_DEVICE_FAMILY = 1;
			};
			name = Release;
		};
		C37C648620F8B4C200ECC1FA /* Debug */ = {
			isa = XCBuildConfiguration;
			baseConfigurationReference = CDDE5B81BF71EA296A4F3E88 /* Pods-AxRideTests.debug.xcconfig */;
			buildSettings = {
				ALWAYS_EMBED_SWIFT_STANDARD_LIBRARIES = YES;
				BUNDLE_LOADER = "$(TEST_HOST)";
				CODE_SIGN_STYLE = Automatic;
				INFOPLIST_FILE = AxRideTests/Info.plist;
				LD_RUNPATH_SEARCH_PATHS = "$(inherited) @executable_path/Frameworks @loader_path/Frameworks";
				PRODUCT_BUNDLE_IDENTIFIER = com.brainyapps.AxRideTests;
				PRODUCT_NAME = "$(TARGET_NAME)";
				SWIFT_VERSION = 4.0;
				TARGETED_DEVICE_FAMILY = "1,2";
				TEST_HOST = "$(BUILT_PRODUCTS_DIR)/AxRide.app/AxRide";
			};
			name = Debug;
		};
		C37C648720F8B4C200ECC1FA /* Release */ = {
			isa = XCBuildConfiguration;
			baseConfigurationReference = B8684931169060DD272CA2EE /* Pods-AxRideTests.release.xcconfig */;
			buildSettings = {
				ALWAYS_EMBED_SWIFT_STANDARD_LIBRARIES = YES;
				BUNDLE_LOADER = "$(TEST_HOST)";
				CODE_SIGN_STYLE = Automatic;
				INFOPLIST_FILE = AxRideTests/Info.plist;
				LD_RUNPATH_SEARCH_PATHS = "$(inherited) @executable_path/Frameworks @loader_path/Frameworks";
				PRODUCT_BUNDLE_IDENTIFIER = com.brainyapps.AxRideTests;
				PRODUCT_NAME = "$(TARGET_NAME)";
				SWIFT_VERSION = 4.0;
				TARGETED_DEVICE_FAMILY = "1,2";
				TEST_HOST = "$(BUILT_PRODUCTS_DIR)/AxRide.app/AxRide";
			};
			name = Release;
		};
		C37C648920F8B4C200ECC1FA /* Debug */ = {
			isa = XCBuildConfiguration;
			baseConfigurationReference = 384C2CA1F8994EC5FAAB7EE0 /* Pods-AxRideUITests.debug.xcconfig */;
			buildSettings = {
				ALWAYS_EMBED_SWIFT_STANDARD_LIBRARIES = YES;
				CODE_SIGN_STYLE = Automatic;
				INFOPLIST_FILE = AxRideUITests/Info.plist;
				LD_RUNPATH_SEARCH_PATHS = "$(inherited) @executable_path/Frameworks @loader_path/Frameworks";
				PRODUCT_BUNDLE_IDENTIFIER = com.brainyapps.AxRideUITests;
				PRODUCT_NAME = "$(TARGET_NAME)";
				SWIFT_VERSION = 4.0;
				TARGETED_DEVICE_FAMILY = "1,2";
				TEST_TARGET_NAME = AxRide;
			};
			name = Debug;
		};
		C37C648A20F8B4C200ECC1FA /* Release */ = {
			isa = XCBuildConfiguration;
			baseConfigurationReference = FB54C084FB713550978A82D6 /* Pods-AxRideUITests.release.xcconfig */;
			buildSettings = {
				ALWAYS_EMBED_SWIFT_STANDARD_LIBRARIES = YES;
				CODE_SIGN_STYLE = Automatic;
				INFOPLIST_FILE = AxRideUITests/Info.plist;
				LD_RUNPATH_SEARCH_PATHS = "$(inherited) @executable_path/Frameworks @loader_path/Frameworks";
				PRODUCT_BUNDLE_IDENTIFIER = com.brainyapps.AxRideUITests;
				PRODUCT_NAME = "$(TARGET_NAME)";
				SWIFT_VERSION = 4.0;
				TARGETED_DEVICE_FAMILY = "1,2";
				TEST_TARGET_NAME = AxRide;
			};
			name = Release;
		};
/* End XCBuildConfiguration section */

/* Begin XCConfigurationList section */
		C37C645520F8B4C100ECC1FA /* Build configuration list for PBXProject "AxRide" */ = {
			isa = XCConfigurationList;
			buildConfigurations = (
				C37C648020F8B4C200ECC1FA /* Debug */,
				C37C648120F8B4C200ECC1FA /* Release */,
			);
			defaultConfigurationIsVisible = 0;
			defaultConfigurationName = Release;
		};
		C37C648220F8B4C200ECC1FA /* Build configuration list for PBXNativeTarget "AxRide" */ = {
			isa = XCConfigurationList;
			buildConfigurations = (
				C37C648320F8B4C200ECC1FA /* Debug */,
				C37C648420F8B4C200ECC1FA /* Release */,
			);
			defaultConfigurationIsVisible = 0;
			defaultConfigurationName = Release;
		};
		C37C648520F8B4C200ECC1FA /* Build configuration list for PBXNativeTarget "AxRideTests" */ = {
			isa = XCConfigurationList;
			buildConfigurations = (
				C37C648620F8B4C200ECC1FA /* Debug */,
				C37C648720F8B4C200ECC1FA /* Release */,
			);
			defaultConfigurationIsVisible = 0;
			defaultConfigurationName = Release;
		};
		C37C648820F8B4C200ECC1FA /* Build configuration list for PBXNativeTarget "AxRideUITests" */ = {
			isa = XCConfigurationList;
			buildConfigurations = (
				C37C648920F8B4C200ECC1FA /* Debug */,
				C37C648A20F8B4C200ECC1FA /* Release */,
			);
			defaultConfigurationIsVisible = 0;
			defaultConfigurationName = Release;
		};
/* End XCConfigurationList section */
	};
	rootObject = C37C645220F8B4C100ECC1FA /* Project object */;
}
